
Microsoft Visual Studio Solution File, Format Version 12.00
# Visual Studio Version 17
VisualStudioVersion = 17.14.36301.6 d17.14
MinimumVisualStudioVersion = 10.0.40219.1
Project("{FAE04EC0-301F-11D3-BF4B-00C04F79EFBC}") = "Array_Foreach", "Array_Foreach\Array_Foreach.csproj", "{88E8CA6B-EDF9-412B-9810-3137B808C98C}"
EndProject
Global
	GlobalSection(SolutionConfigurationPlatforms) = preSolution
		Debug|Any CPU = Debug|Any CPU
		Release|Any CPU = Release|Any CPU
	EndGlobalSection
	GlobalSection(ProjectConfigurationPlatforms) = postSolution
		{88E8CA6B-EDF9-412B-9810-3137B808C98C}.Debug|Any CPU.ActiveCfg = Debug|Any CPU
		{88E8CA6B-EDF9-412B-9810-3137B808C98C}.Debug|Any CPU.Build.0 = Debug|Any CPU
		{88E8CA6B-EDF9-412B-9810-3137B808C98C}.Release|Any CPU.ActiveCfg = Release|Any CPU
		{88E8CA6B-EDF9-412B-9810-3137B808C98C}.Release|Any CPU.Build.0 = Release|Any CPU
	EndGlobalSection
	GlobalSection(SolutionProperties) = preSolution
		HideSolutionNode = FALSE
	EndGlobalSection
	GlobalSection(ExtensibilityGlobals) = postSolution
		SolutionGuid = {4FC119A2-D16F-4972-B153-B8E86321F3F9}
	EndGlobalSection
EndGlobal
