
Microsoft Visual Studio Solution File, Format Version 12.00
# Visual Studio Version 17
VisualStudioVersion = 17.14.36301.6 d17.14
MinimumVisualStudioVersion = 10.0.40219.1
Project("{FAE04EC0-301F-11D3-BF4B-00C04F79EFBC}") = "Variables_Char", "Variables_Char\Variables_Char.csproj", "{2AB85C75-BAF4-4110-A19D-025373C5642B}"
EndProject
Global
	GlobalSection(SolutionConfigurationPlatforms) = preSolution
		Debug|Any CPU = Debug|Any CPU
		Release|Any CPU = Release|Any CPU
	EndGlobalSection
	GlobalSection(ProjectConfigurationPlatforms) = postSolution
		{2AB85C75-BAF4-4110-A19D-025373C5642B}.Debug|Any CPU.ActiveCfg = Debug|Any CPU
		{2AB85C75-BAF4-4110-A19D-025373C5642B}.Debug|Any CPU.Build.0 = Debug|Any CPU
		{2AB85C75-BAF4-4110-A19D-025373C5642B}.Release|Any CPU.ActiveCfg = Release|Any CPU
		{2AB85C75-BAF4-4110-A19D-025373C5642B}.Release|Any CPU.Build.0 = Release|Any CPU
	EndGlobalSection
	GlobalSection(SolutionProperties) = preSolution
		HideSolutionNode = FALSE
	EndGlobalSection
	GlobalSection(ExtensibilityGlobals) = postSolution
		SolutionGuid = {61444E5D-7154-4A69-BACC-513FF8B60AF1}
	EndGlobalSection
EndGlobal
