
Microsoft Visual Studio Solution File, Format Version 12.00
# Visual Studio Version 17
VisualStudioVersion = 17.14.36301.6 d17.14
MinimumVisualStudioVersion = 10.0.40219.1
Project("{FAE04EC0-301F-11D3-BF4B-00C04F79EFBC}") = "klavyeden_int_degisken_alma", "klavyeden_int_degisken_alma\klavyeden_int_degisken_alma.csproj", "{86E876F5-30F2-43EB-A2F2-835CBCD2034A}"
EndProject
Global
	GlobalSection(SolutionConfigurationPlatforms) = preSolution
		Debug|Any CPU = Debug|Any CPU
		Release|Any CPU = Release|Any CPU
	EndGlobalSection
	GlobalSection(ProjectConfigurationPlatforms) = postSolution
		{86E876F5-30F2-43EB-A2F2-835CBCD2034A}.Debug|Any CPU.ActiveCfg = Debug|Any CPU
		{86E876F5-30F2-43EB-A2F2-835CBCD2034A}.Debug|Any CPU.Build.0 = Debug|Any CPU
		{86E876F5-30F2-43EB-A2F2-835CBCD2034A}.Release|Any CPU.ActiveCfg = Release|Any CPU
		{86E876F5-30F2-43EB-A2F2-835CBCD2034A}.Release|Any CPU.Build.0 = Release|Any CPU
	EndGlobalSection
	GlobalSection(SolutionProperties) = preSolution
		HideSolutionNode = FALSE
	EndGlobalSection
	GlobalSection(ExtensibilityGlobals) = postSolution
		SolutionGuid = {A8B8A30F-C68B-4844-8A36-715E1585F624}
	EndGlobalSection
EndGlobal
