
Microsoft Visual Studio Solution File, Format Version 12.00
# Visual Studio Version 17
VisualStudioVersion = 17.14.36301.6 d17.14
MinimumVisualStudioVersion = 10.0.40219.1
Project("{FAE04EC0-301F-11D3-BF4B-00C04F79EFBC}") = "Personel_Kayit_Projesi", "Personel_Kayit_Projesi\Personel_Kayit_Projesi.csproj", "{B55133C7-9477-4E9C-88D1-2FB490D62B97}"
EndProject
Global
	GlobalSection(SolutionConfigurationPlatforms) = preSolution
		Debug|Any CPU = Debug|Any CPU
		Release|Any CPU = Release|Any CPU
	EndGlobalSection
	GlobalSection(ProjectConfigurationPlatforms) = postSolution
		{B55133C7-9477-4E9C-88D1-2FB490D62B97}.Debug|Any CPU.ActiveCfg = Debug|Any CPU
		{B55133C7-9477-4E9C-88D1-2FB490D62B97}.Debug|Any CPU.Build.0 = Debug|Any CPU
		{B55133C7-9477-4E9C-88D1-2FB490D62B97}.Release|Any CPU.ActiveCfg = Release|Any CPU
		{B55133C7-9477-4E9C-88D1-2FB490D62B97}.Release|Any CPU.Build.0 = Release|Any CPU
	EndGlobalSection
	GlobalSection(SolutionProperties) = preSolution
		HideSolutionNode = FALSE
	EndGlobalSection
	GlobalSection(ExtensibilityGlobals) = postSolution
		SolutionGuid = {24435AAB-37B2-467D-937C-4D36FAF746F0}
	EndGlobalSection
EndGlobal
