
Microsoft Visual Studio Solution File, Format Version 12.00
# Visual Studio Version 17
VisualStudioVersion = 17.14.36301.6 d17.14
MinimumVisualStudioVersion = 10.0.40219.1
Project("{FAE04EC0-301F-11D3-BF4B-00C04F79EFBC}") = "Methods", "Methods\Methods.csproj", "{E60B70C4-D1D5-46BD-819F-37A479B85EBE}"
EndProject
Global
	GlobalSection(SolutionConfigurationPlatforms) = preSolution
		Debug|Any CPU = Debug|Any CPU
		Release|Any CPU = Release|Any CPU
	EndGlobalSection
	GlobalSection(ProjectConfigurationPlatforms) = postSolution
		{E60B70C4-D1D5-46BD-819F-37A479B85EBE}.Debug|Any CPU.ActiveCfg = Debug|Any CPU
		{E60B70C4-D1D5-46BD-819F-37A479B85EBE}.Debug|Any CPU.Build.0 = Debug|Any CPU
		{E60B70C4-D1D5-46BD-819F-37A479B85EBE}.Release|Any CPU.ActiveCfg = Release|Any CPU
		{E60B70C4-D1D5-46BD-819F-37A479B85EBE}.Release|Any CPU.Build.0 = Release|Any CPU
	EndGlobalSection
	GlobalSection(SolutionProperties) = preSolution
		HideSolutionNode = FALSE
	EndGlobalSection
	GlobalSection(ExtensibilityGlobals) = postSolution
		SolutionGuid = {E0692836-884C-4F46-97FD-29C5B25F88EF}
	EndGlobalSection
EndGlobal
