
Microsoft Visual Studio Solution File, Format Version 12.00
# Visual Studio Version 17
VisualStudioVersion = 17.14.36301.6 d17.14
MinimumVisualStudioVersion = 10.0.40219.1
Project("{FAE04EC0-301F-11D3-BF4B-00C04F79EFBC}") = "Point_Uygulamalar", "Point_Uygulamalar\Point_Uygulamalar.csproj", "{2E6A04D6-1D0E-44C7-8428-ABE27E6545BB}"
EndProject
Global
	GlobalSection(SolutionConfigurationPlatforms) = preSolution
		Debug|Any CPU = Debug|Any CPU
		Release|Any CPU = Release|Any CPU
	EndGlobalSection
	GlobalSection(ProjectConfigurationPlatforms) = postSolution
		{2E6A04D6-1D0E-44C7-8428-ABE27E6545BB}.Debug|Any CPU.ActiveCfg = Debug|Any CPU
		{2E6A04D6-1D0E-44C7-8428-ABE27E6545BB}.Debug|Any CPU.Build.0 = Debug|Any CPU
		{2E6A04D6-1D0E-44C7-8428-ABE27E6545BB}.Release|Any CPU.ActiveCfg = Release|Any CPU
		{2E6A04D6-1D0E-44C7-8428-ABE27E6545BB}.Release|Any CPU.Build.0 = Release|Any CPU
	EndGlobalSection
	GlobalSection(SolutionProperties) = preSolution
		HideSolutionNode = FALSE
	EndGlobalSection
	GlobalSection(ExtensibilityGlobals) = postSolution
		SolutionGuid = {F14DE0A2-A7A1-4233-BF5C-FCED7811320E}
	EndGlobalSection
EndGlobal
