
Microsoft Visual Studio Solution File, Format Version 12.00
# Visual Studio Version 17
VisualStudioVersion = 17.14.36301.6 d17.14
MinimumVisualStudioVersion = 10.0.40219.1
Project("{FAE04EC0-301F-11D3-BF4B-00C04F79EFBC}") = "Karar_Yapilari_Egzersiz", "Karar_Yapilari_Egzersiz\Karar_Yapilari_Egzersiz.csproj", "{78DCCEFE-E4EB-4961-834D-D36E666E33C3}"
EndProject
Global
	GlobalSection(SolutionConfigurationPlatforms) = preSolution
		Debug|Any CPU = Debug|Any CPU
		Release|Any CPU = Release|Any CPU
	EndGlobalSection
	GlobalSection(ProjectConfigurationPlatforms) = postSolution
		{78DCCEFE-E4EB-4961-834D-D36E666E33C3}.Debug|Any CPU.ActiveCfg = Debug|Any CPU
		{78DCCEFE-E4EB-4961-834D-D36E666E33C3}.Debug|Any CPU.Build.0 = Debug|Any CPU
		{78DCCEFE-E4EB-4961-834D-D36E666E33C3}.Release|Any CPU.ActiveCfg = Release|Any CPU
		{78DCCEFE-E4EB-4961-834D-D36E666E33C3}.Release|Any CPU.Build.0 = Release|Any CPU
	EndGlobalSection
	GlobalSection(SolutionProperties) = preSolution
		HideSolutionNode = FALSE
	EndGlobalSection
	GlobalSection(ExtensibilityGlobals) = postSolution
		SolutionGuid = {15533E9A-1662-4222-B1C9-739FFD5F20A4}
	EndGlobalSection
EndGlobal
