
Microsoft Visual Studio Solution File, Format Version 12.00
# Visual Studio Version 17
VisualStudioVersion = 17.14.36301.6 d17.14
MinimumVisualStudioVersion = 10.0.40219.1
Project("{FAE04EC0-301F-11D3-BF4B-00C04F79EFBC}") = "EntityProjeUygulama", "EntityProjeUygulama\EntityProjeUygulama.csproj", "{456014CA-3907-4CE7-BE02-A25CAE38DFC1}"
EndProject
Global
	GlobalSection(SolutionConfigurationPlatforms) = preSolution
		Debug|Any CPU = Debug|Any CPU
		Release|Any CPU = Release|Any CPU
	EndGlobalSection
	GlobalSection(ProjectConfigurationPlatforms) = postSolution
		{456014CA-3907-4CE7-BE02-A25CAE38DFC1}.Debug|Any CPU.ActiveCfg = Debug|Any CPU
		{456014CA-3907-4CE7-BE02-A25CAE38DFC1}.Debug|Any CPU.Build.0 = Debug|Any CPU
		{456014CA-3907-4CE7-BE02-A25CAE38DFC1}.Release|Any CPU.ActiveCfg = Release|Any CPU
		{456014CA-3907-4CE7-BE02-A25CAE38DFC1}.Release|Any CPU.Build.0 = Release|Any CPU
	EndGlobalSection
	GlobalSection(SolutionProperties) = preSolution
		HideSolutionNode = FALSE
	EndGlobalSection
	GlobalSection(ExtensibilityGlobals) = postSolution
		SolutionGuid = {093F5E48-D6E6-4D1A-B7A5-CE68FD8CF8EE}
	EndGlobalSection
EndGlobal
