
Microsoft Visual Studio Solution File, Format Version 12.00
# Visual Studio Version 17
VisualStudioVersion = 17.14.36301.6 d17.14
MinimumVisualStudioVersion = 10.0.40219.1
Project("{FAE04EC0-301F-11D3-BF4B-00C04F79EFBC}") = "Return_Methods", "Return_Methods\Return_Methods.csproj", "{48FF13D4-CE6E-4DCD-8EC8-0115FE3F90C3}"
EndProject
Global
	GlobalSection(SolutionConfigurationPlatforms) = preSolution
		Debug|Any CPU = Debug|Any CPU
		Release|Any CPU = Release|Any CPU
	EndGlobalSection
	GlobalSection(ProjectConfigurationPlatforms) = postSolution
		{48FF13D4-CE6E-4DCD-8EC8-0115FE3F90C3}.Debug|Any CPU.ActiveCfg = Debug|Any CPU
		{48FF13D4-CE6E-4DCD-8EC8-0115FE3F90C3}.Debug|Any CPU.Build.0 = Debug|Any CPU
		{48FF13D4-CE6E-4DCD-8EC8-0115FE3F90C3}.Release|Any CPU.ActiveCfg = Release|Any CPU
		{48FF13D4-CE6E-4DCD-8EC8-0115FE3F90C3}.Release|Any CPU.Build.0 = Release|Any CPU
	EndGlobalSection
	GlobalSection(SolutionProperties) = preSolution
		HideSolutionNode = FALSE
	EndGlobalSection
	GlobalSection(ExtensibilityGlobals) = postSolution
		SolutionGuid = {34199C21-1ADB-4F22-B964-12D7A044E960}
	EndGlobalSection
EndGlobal
