
Microsoft Visual Studio Solution File, Format Version 12.00
# Visual Studio Version 17
VisualStudioVersion = 17.14.36301.6 d17.14
MinimumVisualStudioVersion = 10.0.40219.1
Project("{FAE04EC0-301F-11D3-BF4B-00C04F79EFBC}") = "Loops_Donguler", "Loops_Donguler\Loops_Donguler.csproj", "{677C87D0-C1DD-425B-997D-3CE6704FB611}"
EndProject
Global
	GlobalSection(SolutionConfigurationPlatforms) = preSolution
		Debug|Any CPU = Debug|Any CPU
		Release|Any CPU = Release|Any CPU
	EndGlobalSection
	GlobalSection(ProjectConfigurationPlatforms) = postSolution
		{677C87D0-C1DD-425B-997D-3CE6704FB611}.Debug|Any CPU.ActiveCfg = Debug|Any CPU
		{677C87D0-C1DD-425B-997D-3CE6704FB611}.Debug|Any CPU.Build.0 = Debug|Any CPU
		{677C87D0-C1DD-425B-997D-3CE6704FB611}.Release|Any CPU.ActiveCfg = Release|Any CPU
		{677C87D0-C1DD-425B-997D-3CE6704FB611}.Release|Any CPU.Build.0 = Release|Any CPU
	EndGlobalSection
	GlobalSection(SolutionProperties) = preSolution
		HideSolutionNode = FALSE
	EndGlobalSection
	GlobalSection(ExtensibilityGlobals) = postSolution
		SolutionGuid = {6C59D2CB-93C6-4073-A7B6-7DE35B612311}
	EndGlobalSection
EndGlobal
