
Microsoft Visual Studio Solution File, Format Version 12.00
# Visual Studio Version 17
VisualStudioVersion = 17.14.36301.6
MinimumVisualStudioVersion = 10.0.40219.1
Project("{FAE04EC0-301F-11D3-BF4B-00C04F79EFBC}") = "NKatmanliMimari", "NKatmanliMimari\NKatmanliMimari.csproj", "{5447A28D-A258-460A-BEA6-F8E6ECE410FC}"
EndProject
Project("{FAE04EC0-301F-11D3-BF4B-00C04F79EFBC}") = "EntityLayer", "EntityFramework\EntityLayer.csproj", "{2FF187EE-717A-43C2-816B-F6F818813FD6}"
EndProject
Project("{FAE04EC0-301F-11D3-BF4B-00C04F79EFBC}") = "DataAccessLayer", "DataAccessLayer\DataAccessLayer.csproj", "{2BAE0EB4-0967-4E55-AEE2-01C874CF8C78}"
EndProject
Project("{FAE04EC0-301F-11D3-BF4B-00C04F79EFBC}") = "LogicLayer", "LogicLayer\LogicLayer.csproj", "{7A9F3CAC-1C4A-4CA7-A50C-7F7B0F5DE2E8}"
EndProject
Global
	GlobalSection(SolutionConfigurationPlatforms) = preSolution
		Debug|Any CPU = Debug|Any CPU
		Release|Any CPU = Release|Any CPU
	EndGlobalSection
	GlobalSection(ProjectConfigurationPlatforms) = postSolution
		{5447A28D-A258-460A-BEA6-F8E6ECE410FC}.Debug|Any CPU.ActiveCfg = Debug|Any CPU
		{5447A28D-A258-460A-BEA6-F8E6ECE410FC}.Debug|Any CPU.Build.0 = Debug|Any CPU
		{5447A28D-A258-460A-BEA6-F8E6ECE410FC}.Release|Any CPU.ActiveCfg = Release|Any CPU
		{5447A28D-A258-460A-BEA6-F8E6ECE410FC}.Release|Any CPU.Build.0 = Release|Any CPU
		{2FF187EE-717A-43C2-816B-F6F818813FD6}.Debug|Any CPU.ActiveCfg = Debug|Any CPU
		{2FF187EE-717A-43C2-816B-F6F818813FD6}.Debug|Any CPU.Build.0 = Debug|Any CPU
		{2FF187EE-717A-43C2-816B-F6F818813FD6}.Release|Any CPU.ActiveCfg = Release|Any CPU
		{2FF187EE-717A-43C2-816B-F6F818813FD6}.Release|Any CPU.Build.0 = Release|Any CPU
		{2BAE0EB4-0967-4E55-AEE2-01C874CF8C78}.Debug|Any CPU.ActiveCfg = Debug|Any CPU
		{2BAE0EB4-0967-4E55-AEE2-01C874CF8C78}.Debug|Any CPU.Build.0 = Debug|Any CPU
		{2BAE0EB4-0967-4E55-AEE2-01C874CF8C78}.Release|Any CPU.ActiveCfg = Release|Any CPU
		{2BAE0EB4-0967-4E55-AEE2-01C874CF8C78}.Release|Any CPU.Build.0 = Release|Any CPU
		{7A9F3CAC-1C4A-4CA7-A50C-7F7B0F5DE2E8}.Debug|Any CPU.ActiveCfg = Debug|Any CPU
		{7A9F3CAC-1C4A-4CA7-A50C-7F7B0F5DE2E8}.Debug|Any CPU.Build.0 = Debug|Any CPU
		{7A9F3CAC-1C4A-4CA7-A50C-7F7B0F5DE2E8}.Release|Any CPU.ActiveCfg = Release|Any CPU
		{7A9F3CAC-1C4A-4CA7-A50C-7F7B0F5DE2E8}.Release|Any CPU.Build.0 = Release|Any CPU
	EndGlobalSection
	GlobalSection(SolutionProperties) = preSolution
		HideSolutionNode = FALSE
	EndGlobalSection
	GlobalSection(ExtensibilityGlobals) = postSolution
		SolutionGuid = {9BB9C1D6-0383-4D81-B2F0-20B3BE2EC964}
	EndGlobalSection
EndGlobal
